version = 1
requires-python = ">=3.10"

[[package]]
name = "colorama"
version = "0.4.6"
source = { registry = "https://pypi.org/simple" }
sdist = { url = "https://files.pythonhosted.org/packages/d8/53/6f443c9a4a8358a93a6792e2acffb9d9d5cb0a5cfd8802644b7b1c9a02e4/colorama-0.4.6.tar.gz", hash = "sha256:08695f5cb7ed6e0531a20572697297273c47b8cae5a63ffc6d6ed5c201be6e44", size = 27697 }
wheels = [
    { url = "https://files.pythonhosted.org/packages/d1/d6/3965ed04c63042e047cb6a3e6ed1a63a35087b6a609aa3a15ed8ac56c221/colorama-0.4.6-py2.py3-none-any.whl", hash = "sha256:4f1d9991f5acc0ca119f9d443620b77f9d6b33703e51011c16baf57afb285fc6", size = 25335 },
]

[[package]]
name = "django-gc"
version = "0.1.0"
source = { virtual = "." }
dependencies = [
    { name = "colorama" },
    { name = "psutils" },
]

[package.metadata]
requires-dist = [
    { name = "colorama", specifier = ">=0.4.6" },
    { name = "psutils", specifier = ">=3.3.9" },
]

[[package]]
name = "psutils"
version = "3.3.9"
source = { registry = "https://pypi.org/simple" }
dependencies = [
    { name = "puremagic" },
    { name = "pypdf" },
]
sdist = { url = "https://files.pythonhosted.org/packages/6f/c9/ed4c246612b0e42afe8fad52a2dddde28f1389997c043e8cf8d414d5a0ee/psutils-3.3.9.tar.gz", hash = "sha256:12bfde60145846e6aaae9eead8c5f0c4a959528cd171727b6ff7044da5d7e57c", size = 1244653 }
wheels = [
    { url = "https://files.pythonhosted.org/packages/d8/91/c1956607c107f0acc0ad910f4287a7ba600a02ebabff530c27a4e53a568b/psutils-3.3.9-py3-none-any.whl", hash = "sha256:e7f162dc91574a86caa67fb78655a01bf155906671daca5f08715a037045372a", size = 55506 },
]

[[package]]
name = "puremagic"
version = "1.28"
source = { registry = "https://pypi.org/simple" }
sdist = { url = "https://files.pythonhosted.org/packages/09/2d/40599f25667733e41bbc3d7e4c7c36d5e7860874aa5fe9c584e90b34954d/puremagic-1.28.tar.gz", hash = "sha256:195893fc129657f611b86b959aab337207d6df7f25372209269ed9e303c1a8c0", size = 314945 }
wheels = [
    { url = "https://files.pythonhosted.org/packages/c5/53/200a97332d10ed3edd7afcbc5f5543920ac59badfe5762598327999f012e/puremagic-1.28-py3-none-any.whl", hash = "sha256:e16cb9708ee2007142c37931c58f07f7eca956b3472489106a7245e5c3aa1241", size = 43241 },
]

[[package]]
name = "pypdf"
version = "5.3.0"
source = { registry = "https://pypi.org/simple" }
dependencies = [
    { name = "typing-extensions", marker = "python_full_version < '3.11'" },
]
sdist = { url = "https://files.pythonhosted.org/packages/2a/c6/9b0920ddcb29ce980f84f2fb585b515b1431625a1b9aeb5fd5753ee0f62e/pypdf-5.3.0.tar.gz", hash = "sha256:08393660dfea25b27ec6fe863fb2f2248e6270da5103fae49e9dea8178741951", size = 5024226 }
wheels = [
    { url = "https://files.pythonhosted.org/packages/4d/2b/3b25ddd464c4265ba65cec794012aab64f1d7dbbdfd170c567d84a0b26c9/pypdf-5.3.0-py3-none-any.whl", hash = "sha256:d7b6db242f5f8fdb4990ae11815c394b8e1b955feda0befcce862efd8559c181", size = 300731 },
]

[[package]]
name = "typing-extensions"
version = "4.12.2"
source = { registry = "https://pypi.org/simple" }
sdist = { url = "https://files.pythonhosted.org/packages/df/db/f35a00659bc03fec321ba8bce9420de607a1d37f8342eee1863174c69557/typing_extensions-4.12.2.tar.gz", hash = "sha256:1a7ead55c7e559dd4dee8856e3a88b41225abfe1ce8df57b7c13915fe121ffb8", size = 85321 }
wheels = [
    { url = "https://files.pythonhosted.org/packages/26/9f/ad63fc0248c5379346306f8668cda6e2e2e9c95e01216d2b8ffd9ff037d0/typing_extensions-4.12.2-py3-none-any.whl", hash = "sha256:04e5ca0351e0f3f85c6853954072df659d0d13fac324d0072316b67d7794700d", size = 37438 },
]
